
Microsoft Visual Studio Solution File, Format Version 12.00
# Visual Studio Version 17
VisualStudioVersion = 17.3.32929.385
MinimumVisualStudioVersion = 10.0.40219.1
Project("{FAE04EC0-301F-11D3-BF4B-00C04F79EFBC}") = "TargetSistemasSolucoes", "TargetSistemasSolucoes\TargetSistemasSolucoes.csproj", "{12A59AA5-88A0-4B27-9EC1-5C861A214C53}"
EndProject
Project("{FAE04EC0-301F-11D3-BF4B-00C04F79EFBC}") = "Exercicio03_CalcFaturamentoVetor", "Exercicio03_CalcFaturamentoVetor\Exercicio03_CalcFaturamentoVetor.csproj", "{C6176BB1-1C0E-457D-B4E5-E1D2A763A1EA}"
EndProject
Project("{FAE04EC0-301F-11D3-BF4B-00C04F79EFBC}") = "Exercicio04_CalcPercentual", "Exercicio04_CalcPercentual\Exercicio04_CalcPercentual.csproj", "{D7E9260B-B586-4C1A-BA82-EC4CE0C41D5B}"
EndProject
Project("{FAE04EC0-301F-11D3-BF4B-00C04F79EFBC}") = "Exercicio05_InverteString", "Exercicio05_InverteString\Exercicio05_InverteString.csproj", "{40EDC303-C063-4040-9565-4B0FCAA4C99A}"
EndProject
Global
	GlobalSection(SolutionConfigurationPlatforms) = preSolution
		Debug|Any CPU = Debug|Any CPU
		Release|Any CPU = Release|Any CPU
	EndGlobalSection
	GlobalSection(ProjectConfigurationPlatforms) = postSolution
		{12A59AA5-88A0-4B27-9EC1-5C861A214C53}.Debug|Any CPU.ActiveCfg = Debug|Any CPU
		{12A59AA5-88A0-4B27-9EC1-5C861A214C53}.Debug|Any CPU.Build.0 = Debug|Any CPU
		{12A59AA5-88A0-4B27-9EC1-5C861A214C53}.Release|Any CPU.ActiveCfg = Release|Any CPU
		{12A59AA5-88A0-4B27-9EC1-5C861A214C53}.Release|Any CPU.Build.0 = Release|Any CPU
		{C6176BB1-1C0E-457D-B4E5-E1D2A763A1EA}.Debug|Any CPU.ActiveCfg = Debug|Any CPU
		{C6176BB1-1C0E-457D-B4E5-E1D2A763A1EA}.Debug|Any CPU.Build.0 = Debug|Any CPU
		{C6176BB1-1C0E-457D-B4E5-E1D2A763A1EA}.Release|Any CPU.ActiveCfg = Release|Any CPU
		{C6176BB1-1C0E-457D-B4E5-E1D2A763A1EA}.Release|Any CPU.Build.0 = Release|Any CPU
		{D7E9260B-B586-4C1A-BA82-EC4CE0C41D5B}.Debug|Any CPU.ActiveCfg = Debug|Any CPU
		{D7E9260B-B586-4C1A-BA82-EC4CE0C41D5B}.Debug|Any CPU.Build.0 = Debug|Any CPU
		{D7E9260B-B586-4C1A-BA82-EC4CE0C41D5B}.Release|Any CPU.ActiveCfg = Release|Any CPU
		{D7E9260B-B586-4C1A-BA82-EC4CE0C41D5B}.Release|Any CPU.Build.0 = Release|Any CPU
		{40EDC303-C063-4040-9565-4B0FCAA4C99A}.Debug|Any CPU.ActiveCfg = Debug|Any CPU
		{40EDC303-C063-4040-9565-4B0FCAA4C99A}.Debug|Any CPU.Build.0 = Debug|Any CPU
		{40EDC303-C063-4040-9565-4B0FCAA4C99A}.Release|Any CPU.ActiveCfg = Release|Any CPU
		{40EDC303-C063-4040-9565-4B0FCAA4C99A}.Release|Any CPU.Build.0 = Release|Any CPU
	EndGlobalSection
	GlobalSection(SolutionProperties) = preSolution
		HideSolutionNode = FALSE
	EndGlobalSection
	GlobalSection(ExtensibilityGlobals) = postSolution
		SolutionGuid = {060C4FB0-5C84-4DE6-A44F-4539D741468B}
	EndGlobalSection
EndGlobal
